
Microsoft Visual Studio Solution File, Format Version 12.00
# Visual Studio Version 17
VisualStudioVersion = 17.1.32319.34
MinimumVisualStudioVersion = 10.0.40219.1
Project("{9A19103F-16F7-4668-BE54-9A1E7A4F7556}") = "Closely", "Closely\Closely.csproj", "{1855C270-C22E-41C6-A833-37799176C521}"
EndProject
Project("{FAE04EC0-301F-11D3-BF4B-00C04F79EFBC}") = "Server", "Server\Server.csproj", "{A844D1F8-EA7C-44C3-9BD4-46E5E5AF8418}"
EndProject
Global
	GlobalSection(SolutionConfigurationPlatforms) = preSolution
		Debug|Any CPU = Debug|Any CPU
		Release|Any CPU = Release|Any CPU
	EndGlobalSection
	GlobalSection(ProjectConfigurationPlatforms) = postSolution
		{1855C270-C22E-41C6-A833-37799176C521}.Debug|Any CPU.ActiveCfg = Debug|Any CPU
		{1855C270-C22E-41C6-A833-37799176C521}.Debug|Any CPU.Build.0 = Debug|Any CPU
		{1855C270-C22E-41C6-A833-37799176C521}.Release|Any CPU.ActiveCfg = Release|Any CPU
		{1855C270-C22E-41C6-A833-37799176C521}.Release|Any CPU.Build.0 = Release|Any CPU
		{A844D1F8-EA7C-44C3-9BD4-46E5E5AF8418}.Debug|Any CPU.ActiveCfg = Debug|Any CPU
		{A844D1F8-EA7C-44C3-9BD4-46E5E5AF8418}.Debug|Any CPU.Build.0 = Debug|Any CPU
		{A844D1F8-EA7C-44C3-9BD4-46E5E5AF8418}.Release|Any CPU.ActiveCfg = Release|Any CPU
		{A844D1F8-EA7C-44C3-9BD4-46E5E5AF8418}.Release|Any CPU.Build.0 = Release|Any CPU
	EndGlobalSection
	GlobalSection(SolutionProperties) = preSolution
		HideSolutionNode = FALSE
	EndGlobalSection
	GlobalSection(ExtensibilityGlobals) = postSolution
		SolutionGuid = {2FCB39A9-D561-49FC-89C5-A7737B25E8F9}
	EndGlobalSection
EndGlobal
